
Microsoft Visual Studio Solution File, Format Version 12.00
# Visual Studio Version 17
VisualStudioVersion = 17.14.36623.8 d17.14
MinimumVisualStudioVersion = 10.0.40219.1
Project("{FAE04EC0-301F-11D3-BF4B-00C04F79EFBC}") = "PointsAverage", "PointsAverage.csproj", "{9BCE07D8-A95D-4D9F-B00F-45099DA8AF94}"
EndProject
Global
	GlobalSection(SolutionConfigurationPlatforms) = preSolution
		Debug|Any CPU = Debug|Any CPU
		Release|Any CPU = Release|Any CPU
	EndGlobalSection
	GlobalSection(ProjectConfigurationPlatforms) = postSolution
		{9BCE07D8-A95D-4D9F-B00F-45099DA8AF94}.Debug|Any CPU.ActiveCfg = Debug|Any CPU
		{9BCE07D8-A95D-4D9F-B00F-45099DA8AF94}.Debug|Any CPU.Build.0 = Debug|Any CPU
		{9BCE07D8-A95D-4D9F-B00F-45099DA8AF94}.Release|Any CPU.ActiveCfg = Release|Any CPU
		{9BCE07D8-A95D-4D9F-B00F-45099DA8AF94}.Release|Any CPU.Build.0 = Release|Any CPU
	EndGlobalSection
	GlobalSection(SolutionProperties) = preSolution
		HideSolutionNode = FALSE
	EndGlobalSection
	GlobalSection(ExtensibilityGlobals) = postSolution
		SolutionGuid = {63352841-1082-4B83-9785-0624A3C60373}
	EndGlobalSection
EndGlobal
